
Microsoft Visual Studio Solution File, Format Version 12.00
# Visual Studio Version 17
VisualStudioVersion = 17.3.32819.101
MinimumVisualStudioVersion = 10.0.40219.1
Project("{FAE04EC0-301F-11D3-BF4B-00C04F79EFBC}") = "EmptyProj", "AppSizeTest\EmptyProj.csproj", "{4A354132-FEB6-4C59-9EFB-3F2AA4FDB001}"
EndProject
Project("{FAE04EC0-301F-11D3-BF4B-00C04F79EFBC}") = "WctProj", "WctProj\WctProj.csproj", "{B328330B-E416-4159-9041-0921520842CC}"
EndProject
Project("{FAE04EC0-301F-11D3-BF4B-00C04F79EFBC}") = "TestProj", "TestProj\TestProj.csproj", "{98D4058D-4826-431A-AA25-1A89FA23F75D}"
EndProject
Project("{FAE04EC0-301F-11D3-BF4B-00C04F79EFBC}") = "MyControls", "MyControls\MyControls.csproj", "{6CC76E4C-BD29-499D-8D03-3B6146DF5761}"
EndProject
Global
	GlobalSection(SolutionConfigurationPlatforms) = preSolution
		Debug|Any CPU = Debug|Any CPU
		Debug|ARM = Debug|ARM
		Debug|ARM64 = Debug|ARM64
		Debug|x64 = Debug|x64
		Debug|x86 = Debug|x86
		Release|Any CPU = Release|Any CPU
		Release|ARM = Release|ARM
		Release|ARM64 = Release|ARM64
		Release|x64 = Release|x64
		Release|x86 = Release|x86
	EndGlobalSection
	GlobalSection(ProjectConfigurationPlatforms) = postSolution
		{4A354132-FEB6-4C59-9EFB-3F2AA4FDB001}.Debug|Any CPU.ActiveCfg = Debug|x64
		{4A354132-FEB6-4C59-9EFB-3F2AA4FDB001}.Debug|Any CPU.Build.0 = Debug|x64
		{4A354132-FEB6-4C59-9EFB-3F2AA4FDB001}.Debug|Any CPU.Deploy.0 = Debug|x64
		{4A354132-FEB6-4C59-9EFB-3F2AA4FDB001}.Debug|ARM.ActiveCfg = Debug|ARM
		{4A354132-FEB6-4C59-9EFB-3F2AA4FDB001}.Debug|ARM.Build.0 = Debug|ARM
		{4A354132-FEB6-4C59-9EFB-3F2AA4FDB001}.Debug|ARM.Deploy.0 = Debug|ARM
		{4A354132-FEB6-4C59-9EFB-3F2AA4FDB001}.Debug|ARM64.ActiveCfg = Debug|ARM64
		{4A354132-FEB6-4C59-9EFB-3F2AA4FDB001}.Debug|ARM64.Build.0 = Debug|ARM64
		{4A354132-FEB6-4C59-9EFB-3F2AA4FDB001}.Debug|ARM64.Deploy.0 = Debug|ARM64
		{4A354132-FEB6-4C59-9EFB-3F2AA4FDB001}.Debug|x64.ActiveCfg = Debug|x64
		{4A354132-FEB6-4C59-9EFB-3F2AA4FDB001}.Debug|x64.Build.0 = Debug|x64
		{4A354132-FEB6-4C59-9EFB-3F2AA4FDB001}.Debug|x64.Deploy.0 = Debug|x64
		{4A354132-FEB6-4C59-9EFB-3F2AA4FDB001}.Debug|x86.ActiveCfg = Debug|x86
		{4A354132-FEB6-4C59-9EFB-3F2AA4FDB001}.Debug|x86.Build.0 = Debug|x86
		{4A354132-FEB6-4C59-9EFB-3F2AA4FDB001}.Debug|x86.Deploy.0 = Debug|x86
		{4A354132-FEB6-4C59-9EFB-3F2AA4FDB001}.Release|Any CPU.ActiveCfg = Release|x64
		{4A354132-FEB6-4C59-9EFB-3F2AA4FDB001}.Release|Any CPU.Build.0 = Release|x64
		{4A354132-FEB6-4C59-9EFB-3F2AA4FDB001}.Release|Any CPU.Deploy.0 = Release|x64
		{4A354132-FEB6-4C59-9EFB-3F2AA4FDB001}.Release|ARM.ActiveCfg = Release|ARM
		{4A354132-FEB6-4C59-9EFB-3F2AA4FDB001}.Release|ARM.Build.0 = Release|ARM
		{4A354132-FEB6-4C59-9EFB-3F2AA4FDB001}.Release|ARM.Deploy.0 = Release|ARM
		{4A354132-FEB6-4C59-9EFB-3F2AA4FDB001}.Release|ARM64.ActiveCfg = Release|ARM64
		{4A354132-FEB6-4C59-9EFB-3F2AA4FDB001}.Release|ARM64.Build.0 = Release|ARM64
		{4A354132-FEB6-4C59-9EFB-3F2AA4FDB001}.Release|ARM64.Deploy.0 = Release|ARM64
		{4A354132-FEB6-4C59-9EFB-3F2AA4FDB001}.Release|x64.ActiveCfg = Release|x64
		{4A354132-FEB6-4C59-9EFB-3F2AA4FDB001}.Release|x64.Build.0 = Release|x64
		{4A354132-FEB6-4C59-9EFB-3F2AA4FDB001}.Release|x64.Deploy.0 = Release|x64
		{4A354132-FEB6-4C59-9EFB-3F2AA4FDB001}.Release|x86.ActiveCfg = Release|x86
		{4A354132-FEB6-4C59-9EFB-3F2AA4FDB001}.Release|x86.Build.0 = Release|x86
		{4A354132-FEB6-4C59-9EFB-3F2AA4FDB001}.Release|x86.Deploy.0 = Release|x86
		{B328330B-E416-4159-9041-0921520842CC}.Debug|Any CPU.ActiveCfg = Debug|x64
		{B328330B-E416-4159-9041-0921520842CC}.Debug|Any CPU.Build.0 = Debug|x64
		{B328330B-E416-4159-9041-0921520842CC}.Debug|Any CPU.Deploy.0 = Debug|x64
		{B328330B-E416-4159-9041-0921520842CC}.Debug|ARM.ActiveCfg = Debug|ARM
		{B328330B-E416-4159-9041-0921520842CC}.Debug|ARM.Build.0 = Debug|ARM
		{B328330B-E416-4159-9041-0921520842CC}.Debug|ARM.Deploy.0 = Debug|ARM
		{B328330B-E416-4159-9041-0921520842CC}.Debug|ARM64.ActiveCfg = Debug|ARM64
		{B328330B-E416-4159-9041-0921520842CC}.Debug|ARM64.Build.0 = Debug|ARM64
		{B328330B-E416-4159-9041-0921520842CC}.Debug|ARM64.Deploy.0 = Debug|ARM64
		{B328330B-E416-4159-9041-0921520842CC}.Debug|x64.ActiveCfg = Debug|x64
		{B328330B-E416-4159-9041-0921520842CC}.Debug|x64.Build.0 = Debug|x64
		{B328330B-E416-4159-9041-0921520842CC}.Debug|x64.Deploy.0 = Debug|x64
		{B328330B-E416-4159-9041-0921520842CC}.Debug|x86.ActiveCfg = Debug|x86
		{B328330B-E416-4159-9041-0921520842CC}.Debug|x86.Build.0 = Debug|x86
		{B328330B-E416-4159-9041-0921520842CC}.Debug|x86.Deploy.0 = Debug|x86
		{B328330B-E416-4159-9041-0921520842CC}.Release|Any CPU.ActiveCfg = Release|x64
		{B328330B-E416-4159-9041-0921520842CC}.Release|Any CPU.Build.0 = Release|x64
		{B328330B-E416-4159-9041-0921520842CC}.Release|Any CPU.Deploy.0 = Release|x64
		{B328330B-E416-4159-9041-0921520842CC}.Release|ARM.ActiveCfg = Release|ARM
		{B328330B-E416-4159-9041-0921520842CC}.Release|ARM.Build.0 = Release|ARM
		{B328330B-E416-4159-9041-0921520842CC}.Release|ARM.Deploy.0 = Release|ARM
		{B328330B-E416-4159-9041-0921520842CC}.Release|ARM64.ActiveCfg = Release|ARM64
		{B328330B-E416-4159-9041-0921520842CC}.Release|ARM64.Build.0 = Release|ARM64
		{B328330B-E416-4159-9041-0921520842CC}.Release|ARM64.Deploy.0 = Release|ARM64
		{B328330B-E416-4159-9041-0921520842CC}.Release|x64.ActiveCfg = Release|x64
		{B328330B-E416-4159-9041-0921520842CC}.Release|x64.Build.0 = Release|x64
		{B328330B-E416-4159-9041-0921520842CC}.Release|x64.Deploy.0 = Release|x64
		{B328330B-E416-4159-9041-0921520842CC}.Release|x86.ActiveCfg = Release|x86
		{B328330B-E416-4159-9041-0921520842CC}.Release|x86.Build.0 = Release|x86
		{B328330B-E416-4159-9041-0921520842CC}.Release|x86.Deploy.0 = Release|x86
		{98D4058D-4826-431A-AA25-1A89FA23F75D}.Debug|Any CPU.ActiveCfg = Debug|x64
		{98D4058D-4826-431A-AA25-1A89FA23F75D}.Debug|Any CPU.Build.0 = Debug|x64
		{98D4058D-4826-431A-AA25-1A89FA23F75D}.Debug|Any CPU.Deploy.0 = Debug|x64
		{98D4058D-4826-431A-AA25-1A89FA23F75D}.Debug|ARM.ActiveCfg = Debug|ARM
		{98D4058D-4826-431A-AA25-1A89FA23F75D}.Debug|ARM.Build.0 = Debug|ARM
		{98D4058D-4826-431A-AA25-1A89FA23F75D}.Debug|ARM.Deploy.0 = Debug|ARM
		{98D4058D-4826-431A-AA25-1A89FA23F75D}.Debug|ARM64.ActiveCfg = Debug|ARM64
		{98D4058D-4826-431A-AA25-1A89FA23F75D}.Debug|ARM64.Build.0 = Debug|ARM64
		{98D4058D-4826-431A-AA25-1A89FA23F75D}.Debug|ARM64.Deploy.0 = Debug|ARM64
		{98D4058D-4826-431A-AA25-1A89FA23F75D}.Debug|x64.ActiveCfg = Debug|x64
		{98D4058D-4826-431A-AA25-1A89FA23F75D}.Debug|x64.Build.0 = Debug|x64
		{98D4058D-4826-431A-AA25-1A89FA23F75D}.Debug|x64.Deploy.0 = Debug|x64
		{98D4058D-4826-431A-AA25-1A89FA23F75D}.Debug|x86.ActiveCfg = Debug|x86
		{98D4058D-4826-431A-AA25-1A89FA23F75D}.Debug|x86.Build.0 = Debug|x86
		{98D4058D-4826-431A-AA25-1A89FA23F75D}.Debug|x86.Deploy.0 = Debug|x86
		{98D4058D-4826-431A-AA25-1A89FA23F75D}.Release|Any CPU.ActiveCfg = Release|x64
		{98D4058D-4826-431A-AA25-1A89FA23F75D}.Release|Any CPU.Build.0 = Release|x64
		{98D4058D-4826-431A-AA25-1A89FA23F75D}.Release|Any CPU.Deploy.0 = Release|x64
		{98D4058D-4826-431A-AA25-1A89FA23F75D}.Release|ARM.ActiveCfg = Release|ARM
		{98D4058D-4826-431A-AA25-1A89FA23F75D}.Release|ARM.Build.0 = Release|ARM
		{98D4058D-4826-431A-AA25-1A89FA23F75D}.Release|ARM.Deploy.0 = Release|ARM
		{98D4058D-4826-431A-AA25-1A89FA23F75D}.Release|ARM64.ActiveCfg = Release|ARM64
		{98D4058D-4826-431A-AA25-1A89FA23F75D}.Release|ARM64.Build.0 = Release|ARM64
		{98D4058D-4826-431A-AA25-1A89FA23F75D}.Release|ARM64.Deploy.0 = Release|ARM64
		{98D4058D-4826-431A-AA25-1A89FA23F75D}.Release|x64.ActiveCfg = Release|x64
		{98D4058D-4826-431A-AA25-1A89FA23F75D}.Release|x64.Build.0 = Release|x64
		{98D4058D-4826-431A-AA25-1A89FA23F75D}.Release|x64.Deploy.0 = Release|x64
		{98D4058D-4826-431A-AA25-1A89FA23F75D}.Release|x86.ActiveCfg = Release|x86
		{98D4058D-4826-431A-AA25-1A89FA23F75D}.Release|x86.Build.0 = Release|x86
		{98D4058D-4826-431A-AA25-1A89FA23F75D}.Release|x86.Deploy.0 = Release|x86
		{6CC76E4C-BD29-499D-8D03-3B6146DF5761}.Debug|Any CPU.ActiveCfg = Debug|Any CPU
		{6CC76E4C-BD29-499D-8D03-3B6146DF5761}.Debug|Any CPU.Build.0 = Debug|Any CPU
		{6CC76E4C-BD29-499D-8D03-3B6146DF5761}.Debug|ARM.ActiveCfg = Debug|ARM
		{6CC76E4C-BD29-499D-8D03-3B6146DF5761}.Debug|ARM.Build.0 = Debug|ARM
		{6CC76E4C-BD29-499D-8D03-3B6146DF5761}.Debug|ARM64.ActiveCfg = Debug|ARM64
		{6CC76E4C-BD29-499D-8D03-3B6146DF5761}.Debug|ARM64.Build.0 = Debug|ARM64
		{6CC76E4C-BD29-499D-8D03-3B6146DF5761}.Debug|x64.ActiveCfg = Debug|x64
		{6CC76E4C-BD29-499D-8D03-3B6146DF5761}.Debug|x64.Build.0 = Debug|x64
		{6CC76E4C-BD29-499D-8D03-3B6146DF5761}.Debug|x86.ActiveCfg = Debug|x86
		{6CC76E4C-BD29-499D-8D03-3B6146DF5761}.Debug|x86.Build.0 = Debug|x86
		{6CC76E4C-BD29-499D-8D03-3B6146DF5761}.Release|Any CPU.ActiveCfg = Release|Any CPU
		{6CC76E4C-BD29-499D-8D03-3B6146DF5761}.Release|Any CPU.Build.0 = Release|Any CPU
		{6CC76E4C-BD29-499D-8D03-3B6146DF5761}.Release|ARM.ActiveCfg = Release|ARM
		{6CC76E4C-BD29-499D-8D03-3B6146DF5761}.Release|ARM.Build.0 = Release|ARM
		{6CC76E4C-BD29-499D-8D03-3B6146DF5761}.Release|ARM64.ActiveCfg = Release|ARM64
		{6CC76E4C-BD29-499D-8D03-3B6146DF5761}.Release|ARM64.Build.0 = Release|ARM64
		{6CC76E4C-BD29-499D-8D03-3B6146DF5761}.Release|x64.ActiveCfg = Release|x64
		{6CC76E4C-BD29-499D-8D03-3B6146DF5761}.Release|x64.Build.0 = Release|x64
		{6CC76E4C-BD29-499D-8D03-3B6146DF5761}.Release|x86.ActiveCfg = Release|x86
		{6CC76E4C-BD29-499D-8D03-3B6146DF5761}.Release|x86.Build.0 = Release|x86
	EndGlobalSection
	GlobalSection(SolutionProperties) = preSolution
		HideSolutionNode = FALSE
	EndGlobalSection
	GlobalSection(ExtensibilityGlobals) = postSolution
		SolutionGuid = {02D17E76-C756-419E-98FA-BDA3DADEF2CC}
	EndGlobalSection
EndGlobal
